
Microsoft Visual Studio Solution File, Format Version 12.00
# Visual Studio Version 17
VisualStudioVersion = 17.7.34221.43
MinimumVisualStudioVersion = 10.0.40219.1
Project("{FAE04EC0-301F-11D3-BF4B-00C04F79EFBC}") = "MediTrackApp", "MediTrackApp.csproj", "{E4E83292-F51E-4C75-83E6-A4DC0EB94ED0}"
EndProject
Project("{FAE04EC0-301F-11D3-BF4B-00C04F79EFBC}") = "MediTrackBAL", "..\MediTrackBAL\MediTrackBAL.csproj", "{21400F52-DD3F-43E7-9EA3-0B4B0390FDF0}"
EndProject
Project("{FAE04EC0-301F-11D3-BF4B-00C04F79EFBC}") = "MediTrackDAL", "..\MediTrackDAL\MediTrackDAL.csproj", "{043A2FEF-BE41-471D-9477-0527CBF5224E}"
EndProject
Global
	GlobalSection(SolutionConfigurationPlatforms) = preSolution
		Debug|Any CPU = Debug|Any CPU
		Release|Any CPU = Release|Any CPU
	EndGlobalSection
	GlobalSection(ProjectConfigurationPlatforms) = postSolution
		{E4E83292-F51E-4C75-83E6-A4DC0EB94ED0}.Debug|Any CPU.ActiveCfg = Debug|Any CPU
		{E4E83292-F51E-4C75-83E6-A4DC0EB94ED0}.Debug|Any CPU.Build.0 = Debug|Any CPU
		{E4E83292-F51E-4C75-83E6-A4DC0EB94ED0}.Release|Any CPU.ActiveCfg = Release|Any CPU
		{E4E83292-F51E-4C75-83E6-A4DC0EB94ED0}.Release|Any CPU.Build.0 = Release|Any CPU
		{21400F52-DD3F-43E7-9EA3-0B4B0390FDF0}.Debug|Any CPU.ActiveCfg = Debug|Any CPU
		{21400F52-DD3F-43E7-9EA3-0B4B0390FDF0}.Debug|Any CPU.Build.0 = Debug|Any CPU
		{21400F52-DD3F-43E7-9EA3-0B4B0390FDF0}.Release|Any CPU.ActiveCfg = Release|Any CPU
		{21400F52-DD3F-43E7-9EA3-0B4B0390FDF0}.Release|Any CPU.Build.0 = Release|Any CPU
		{043A2FEF-BE41-471D-9477-0527CBF5224E}.Debug|Any CPU.ActiveCfg = Debug|Any CPU
		{043A2FEF-BE41-471D-9477-0527CBF5224E}.Debug|Any CPU.Build.0 = Debug|Any CPU
		{043A2FEF-BE41-471D-9477-0527CBF5224E}.Release|Any CPU.ActiveCfg = Release|Any CPU
		{043A2FEF-BE41-471D-9477-0527CBF5224E}.Release|Any CPU.Build.0 = Release|Any CPU
	EndGlobalSection
	GlobalSection(SolutionProperties) = preSolution
		HideSolutionNode = FALSE
	EndGlobalSection
	GlobalSection(ExtensibilityGlobals) = postSolution
		SolutionGuid = {8B834D18-D878-4352-BEA6-7CAB965FB290}
	EndGlobalSection
EndGlobal
